// !$*UTF8*$!
{
	archiveVersion = 1;
	classes = {
	};
	objectVersion = 50;
	objects = {

/* Begin PBXBuildFile section */
		C91EEA84207F35BE00C77B30 /* AppDelegate.swift in Sources */ = {isa = PBXBuildFile; fileRef = C91EEA83207F35BE00C77B30 /* AppDelegate.swift */; };
		C91EEA86207F35BE00C77B30 /* ViewController.swift in Sources */ = {isa = PBXBuildFile; fileRef = C91EEA85207F35BE00C77B30 /* ViewController.swift */; };
		C91EEA8B207F35BF00C77B30 /* Assets.xcassets in Resources */ = {isa = PBXBuildFile; fileRef = C91EEA8A207F35BF00C77B30 /* Assets.xcassets */; };
		C91EEA8E207F35BF00C77B30 /* LaunchScreen.storyboard in Resources */ = {isa = PBXBuildFile; fileRef = C91EEA8C207F35BF00C77B30 /* LaunchScreen.storyboard */; };
		FA7FB2E3AFFEA117953B88D4 /* Pods_ReadableDate.framework in Frameworks */ = {isa = PBXBuildFile; fileRef = 29313947F51EDFAE33E0692D /* Pods_ReadableDate.framework */; };
/* End PBXBuildFile section */

/* Begin PBXFileReference section */
		29313947F51EDFAE33E0692D /* Pods_ReadableDate.framework */ = {isa = PBXFileReference; explicitFileType = wrapper.framework; includeInIndex = 0; path = Pods_ReadableDate.framework; sourceTree = BUILT_PRODUCTS_DIR; };
		B475FD70A844BF4030D5FAEB /* Pods-ReadableDate.debug.xcconfig */ = {isa = PBXFileReference; includeInIndex = 1; lastKnownFileType = text.xcconfig; name = "Pods-ReadableDate.debug.xcconfig"; path = "Pods/Target Support Files/Pods-ReadableDate/Pods-ReadableDate.debug.xcconfig"; sourceTree = "<group>"; };
		C91EEA80207F35BE00C77B30 /* ReadableDate.app */ = {isa = PBXFileReference; explicitFileType = wrapper.application; includeInIndex = 0; path = ReadableDate.app; sourceTree = BUILT_PRODUCTS_DIR; };
		C91EEA83207F35BE00C77B30 /* AppDelegate.swift */ = {isa = PBXFileReference; lastKnownFileType = sourcecode.swift; path = AppDelegate.swift; sourceTree = "<group>"; };
		C91EEA85207F35BE00C77B30 /* ViewController.swift */ = {isa = PBXFileReference; lastKnownFileType = sourcecode.swift; path = ViewController.swift; sourceTree = "<group>"; };
		C91EEA8A207F35BF00C77B30 /* Assets.xcassets */ = {isa = PBXFileReference; lastKnownFileType = folder.assetcatalog; path = Assets.xcassets; sourceTree = "<group>"; };
		C91EEA8D207F35BF00C77B30 /* Base */ = {isa = PBXFileReference; lastKnownFileType = file.storyboard; name = Base; path = Base.lproj/LaunchScreen.storyboard; sourceTree = "<group>"; };
		C91EEA8F207F35BF00C77B30 /* Info.plist */ = {isa = PBXFileReference; lastKnownFileType = text.plist.xml; path = Info.plist; sourceTree = "<group>"; };
		F75681A0F91B792C03E1906C /* Pods-ReadableDate.release.xcconfig */ = {isa = PBXFileReference; includeInIndex = 1; lastKnownFileType = text.xcconfig; name = "Pods-ReadableDate.release.xcconfig"; path = "Pods/Target Support Files/Pods-ReadableDate/Pods-ReadableDate.release.xcconfig"; sourceTree = "<group>"; };
/* End PBXFileReference section */

/* Begin PBXFrameworksBuildPhase section */
		C91EEA7D207F35BE00C77B30 /* Frameworks */ = {
			isa = PBXFrameworksBuildPhase;
			buildActionMask = 2147483647;
			files = (
				FA7FB2E3AFFEA117953B88D4 /* Pods_ReadableDate.framework in Frameworks */,
			);
			runOnlyForDeploymentPostprocessing = 0;
		};
/* End PBXFrameworksBuildPhase section */

/* Begin PBXGroup section */
		4090DCF40D1F038B62E31FBC /* Frameworks */ = {
			isa = PBXGroup;
			children = (
				29313947F51EDFAE33E0692D /* Pods_ReadableDate.framework */,
			);
			name = Frameworks;
			sourceTree = "<group>";
		};
		C91EEA77207F35BE00C77B30 = {
			isa = PBXGroup;
			children = (
				C91EEA82207F35BE00C77B30 /* ReadableDate */,
				C91EEA81207F35BE00C77B30 /* Products */,
				E9A42485B3FEAA4E179AE002 /* Pods */,
				4090DCF40D1F038B62E31FBC /* Frameworks */,
			);
			sourceTree = "<group>";
		};
		C91EEA81207F35BE00C77B30 /* Products */ = {
			isa = PBXGroup;
			children = (
				C91EEA80207F35BE00C77B30 /* ReadableDate.app */,
			);
			name = Products;
			sourceTree = "<group>";
		};
		C91EEA82207F35BE00C77B30 /* ReadableDate */ = {
			isa = PBXGroup;
			children = (
				C91EEA83207F35BE00C77B30 /* AppDelegate.swift */,
				C91EEA85207F35BE00C77B30 /* ViewController.swift */,
				C91EEA8A207F35BF00C77B30 /* Assets.xcassets */,
				C91EEA8C207F35BF00C77B30 /* LaunchScreen.storyboard */,
				C91EEA8F207F35BF00C77B30 /* Info.plist */,
			);
			path = ReadableDate;
			sourceTree = "<group>";
		};
		E9A42485B3FEAA4E179AE002 /* Pods */ = {
			isa = PBXGroup;
			children = (
				B475FD70A844BF4030D5FAEB /* Pods-ReadableDate.debug.xcconfig */,
				F75681A0F91B792C03E1906C /* Pods-ReadableDate.release.xcconfig */,
			);
			name = Pods;
			sourceTree = "<group>";
		};
/* End PBXGroup section */

/* Begin PBXNativeTarget section */
		C91EEA7F207F35BE00C77B30 /* ReadableDate */ = {
			isa = PBXNativeTarget;
			buildConfigurationList = C91EEA92207F35BF00C77B30 /* Build configuration list for PBXNativeTarget "ReadableDate" */;
			buildPhases = (
				C6574B7C6D968414472DA067 /* [CP] Check Pods Manifest.lock */,
				C91EEA7C207F35BE00C77B30 /* Sources */,
				C91EEA7D207F35BE00C77B30 /* Frameworks */,
				C91EEA7E207F35BE00C77B30 /* Resources */,
				462289AF146D00439766374E /* [CP] Embed Pods Frameworks */,
			);
			buildRules = (
			);
			dependencies = (
			);
			name = ReadableDate;
			productName = ReadableDate;
			productReference = C91EEA80207F35BE00C77B30 /* ReadableDate.app */;
			productType = "com.apple.product-type.application";
		};
/* End PBXNativeTarget section */

/* Begin PBXProject section */
		C91EEA78207F35BE00C77B30 /* Project object */ = {
			isa = PBXProject;
			attributes = {
				LastSwiftUpdateCheck = 0930;
				LastUpgradeCheck = 0930;
				ORGANIZATIONNAME = "Alex Nagy";
				TargetAttributes = {
					C91EEA7F207F35BE00C77B30 = {
						CreatedOnToolsVersion = 9.3;
					};
				};
			};
			buildConfigurationList = C91EEA7B207F35BE00C77B30 /* Build configuration list for PBXProject "ReadableDate" */;
			compatibilityVersion = "Xcode 9.3";
			developmentRegion = en;
			hasScannedForEncodings = 0;
			knownRegions = (
				en,
				Base,
			);
			mainGroup = C91EEA77207F35BE00C77B30;
			productRefGroup = C91EEA81207F35BE00C77B30 /* Products */;
			projectDirPath = "";
			projectRoot = "";
			targets = (
				C91EEA7F207F35BE00C77B30 /* ReadableDate */,
			);
		};
/* End PBXProject section */

/* Begin PBXResourcesBuildPhase section */
		C91EEA7E207F35BE00C77B30 /* Resources */ = {
			isa = PBXResourcesBuildPhase;
			buildActionMask = 2147483647;
			files = (
				C91EEA8E207F35BF00C77B30 /* LaunchScreen.storyboard in Resources */,
				C91EEA8B207F35BF00C77B30 /* Assets.xcassets in Resources */,
			);
			runOnlyForDeploymentPostprocessing = 0;
		};
/* End PBXResourcesBuildPhase section */

/* Begin PBXShellScriptBuildPhase section */
		462289AF146D00439766374E /* [CP] Embed Pods Frameworks */ = {
			isa = PBXShellScriptBuildPhase;
			buildActionMask = 2147483647;
			files = (
			);
			inputPaths = (
				"${SRCROOT}/Pods/Target Support Files/Pods-ReadableDate/Pods-ReadableDate-frameworks.sh",
				"${BUILT_PRODUCTS_DIR}/LBTAComponents/LBTAComponents.framework",
			);
			name = "[CP] Embed Pods Frameworks";
			outputPaths = (
				"${TARGET_BUILD_DIR}/${FRAMEWORKS_FOLDER_PATH}/LBTAComponents.framework",
			);
			runOnlyForDeploymentPostprocessing = 0;
			shellPath = /bin/sh;
			shellScript = "\"${SRCROOT}/Pods/Target Support Files/Pods-ReadableDate/Pods-ReadableDate-frameworks.sh\"\n";
			showEnvVarsInLog = 0;
		};
		C6574B7C6D968414472DA067 /* [CP] Check Pods Manifest.lock */ = {
			isa = PBXShellScriptBuildPhase;
			buildActionMask = 2147483647;
			files = (
			);
			inputPaths = (
				"${PODS_PODFILE_DIR_PATH}/Podfile.lock",
				"${PODS_ROOT}/Manifest.lock",
			);
			name = "[CP] Check Pods Manifest.lock";
			outputPaths = (
				"$(DERIVED_FILE_DIR)/Pods-ReadableDate-checkManifestLockResult.txt",
			);
			runOnlyForDeploymentPostprocessing = 0;
			shellPath = /bin/sh;
			shellScript = "diff \"${PODS_PODFILE_DIR_PATH}/Podfile.lock\" \"${PODS_ROOT}/Manifest.lock\" > /dev/null\nif [ $? != 0 ] ; then\n    # print error to STDERR\n    echo \"error: The sandbox is not in sync with the Podfile.lock. Run 'pod install' or update your CocoaPods installation.\" >&2\n    exit 1\nfi\n# This output is used by Xcode 'outputs' to avoid re-running this script phase.\necho \"SUCCESS\" > \"${SCRIPT_OUTPUT_FILE_0}\"\n";
			showEnvVarsInLog = 0;
		};
/* End PBXShellScriptBuildPhase section */

/* Begin PBXSourcesBuildPhase section */
		C91EEA7C207F35BE00C77B30 /* Sources */ = {
			isa = PBXSourcesBuildPhase;
			buildActionMask = 2147483647;
			files = (
				C91EEA86207F35BE00C77B30 /* ViewController.swift in Sources */,
				C91EEA84207F35BE00C77B30 /* AppDelegate.swift in Sources */,
			);
			runOnlyForDeploymentPostprocessing = 0;
		};
/* End PBXSourcesBuildPhase section */

/* Begin PBXVariantGroup section */
		C91EEA8C207F35BF00C77B30 /* LaunchScreen.storyboard */ = {
			isa = PBXVariantGroup;
			children = (
				C91EEA8D207F35BF00C77B30 /* Base */,
			);
			name = LaunchScreen.storyboard;
			sourceTree = "<group>";
		};
/* End PBXVariantGroup section */

/* Begin XCBuildConfiguration section */
		C91EEA90207F35BF00C77B30 /* Debug */ = {
			isa = XCBuildConfiguration;
			buildSettings = {
				ALWAYS_SEARCH_USER_PATHS = NO;
				CLANG_ANALYZER_NONNULL = YES;
				CLANG_ANALYZER_NUMBER_OBJECT_CONVERSION = YES_AGGRESSIVE;
				CLANG_CXX_LANGUAGE_STANDARD = "gnu++14";
				CLANG_CXX_LIBRARY = "libc++";
				CLANG_ENABLE_MODULES = YES;
				CLANG_ENABLE_OBJC_ARC = YES;
				CLANG_ENABLE_OBJC_WEAK = YES;
				CLANG_WARN_BLOCK_CAPTURE_AUTORELEASING = YES;
				CLANG_WARN_BOOL_CONVERSION = YES;
				CLANG_WARN_COMMA = YES;
				CLANG_WARN_CONSTANT_CONVERSION = YES;
				CLANG_WARN_DEPRECATED_OBJC_IMPLEMENTATIONS = YES;
				CLANG_WARN_DIRECT_OBJC_ISA_USAGE = YES_ERROR;
				CLANG_WARN_DOCUMENTATION_COMMENTS = YES;
				CLANG_WARN_EMPTY_BODY = YES;
				CLANG_WARN_ENUM_CONVERSION = YES;
				CLANG_WARN_INFINITE_RECURSION = YES;
				CLANG_WARN_INT_CONVERSION = YES;
				CLANG_WARN_NON_LITERAL_NULL_CONVERSION = YES;
				CLANG_WARN_OBJC_IMPLICIT_RETAIN_SELF = YES;
				CLANG_WARN_OBJC_LITERAL_CONVERSION = YES;
				CLANG_WARN_OBJC_ROOT_CLASS = YES_ERROR;
				CLANG_WARN_RANGE_LOOP_ANALYSIS = YES;
				CLANG_WARN_STRICT_PROTOTYPES = YES;
				CLANG_WARN_SUSPICIOUS_MOVE = YES;
				CLANG_WARN_UNGUARDED_AVAILABILITY = YES_AGGRESSIVE;
				CLANG_WARN_UNREACHABLE_CODE = YES;
				CLANG_WARN__DUPLICATE_METHOD_MATCH = YES;
				CODE_SIGN_IDENTITY = "iPhone Developer";
				COPY_PHASE_STRIP = NO;
				DEBUG_INFORMATION_FORMAT = dwarf;
				ENABLE_STRICT_OBJC_MSGSEND = YES;
				ENABLE_TESTABILITY = YES;
				GCC_C_LANGUAGE_STANDARD = gnu11;
				GCC_DYNAMIC_NO_PIC = NO;
				GCC_NO_COMMON_BLOCKS = YES;
				GCC_OPTIMIZATION_LEVEL = 0;
				GCC_PREPROCESSOR_DEFINITIONS = (
					"DEBUG=1",
					"$(inherited)",
				);
				GCC_WARN_64_TO_32_BIT_CONVERSION = YES;
				GCC_WARN_ABOUT_RETURN_TYPE = YES_ERROR;
				GCC_WARN_UNDECLARED_SELECTOR = YES;
				GCC_WARN_UNINITIALIZED_AUTOS = YES_AGGRESSIVE;
				GCC_WARN_UNUSED_FUNCTION = YES;
				GCC_WARN_UNUSED_VARIABLE = YES;
				IPHONEOS_DEPLOYMENT_TARGET = 11.3;
				MTL_ENABLE_DEBUG_INFO = YES;
				ONLY_ACTIVE_ARCH = YES;
				SDKROOT = iphoneos;
				SWIFT_ACTIVE_COMPILATION_CONDITIONS = DEBUG;
				SWIFT_OPTIMIZATION_LEVEL = "-Onone";
			};
			name = Debug;
		};
		C91EEA91207F35BF00C77B30 /* Release */ = {
			isa = XCBuildConfiguration;
			buildSettings = {
				ALWAYS_SEARCH_USER_PATHS = NO;
				CLANG_ANALYZER_NONNULL = YES;
				CLANG_ANALYZER_NUMBER_OBJECT_CONVERSION = YES_AGGRESSIVE;
				CLANG_CXX_LANGUAGE_STANDARD = "gnu++14";
				CLANG_CXX_LIBRARY = "libc++";
				CLANG_ENABLE_MODULES = YES;
				CLANG_ENABLE_OBJC_ARC = YES;
				CLANG_ENABLE_OBJC_WEAK = YES;
				CLANG_WARN_BLOCK_CAPTURE_AUTORELEASING = YES;
				CLANG_WARN_BOOL_CONVERSION = YES;
				CLANG_WARN_COMMA = YES;
				CLANG_WARN_CONSTANT_CONVERSION = YES;
				CLANG_WARN_DEPRECATED_OBJC_IMPLEMENTATIONS = YES;
				CLANG_WARN_DIRECT_OBJC_ISA_USAGE = YES_ERROR;
				CLANG_WARN_DOCUMENTATION_COMMENTS = YES;
				CLANG_WARN_EMPTY_BODY = YES;
				CLANG_WARN_ENUM_CONVERSION = YES;
				CLANG_WARN_INFINITE_RECURSION = YES;
				CLANG_WARN_INT_CONVERSION = YES;
				CLANG_WARN_NON_LITERAL_NULL_CONVERSION = YES;
				CLANG_WARN_OBJC_IMPLICIT_RETAIN_SELF = YES;
				CLANG_WARN_OBJC_LITERAL_CONVERSION = YES;
				CLANG_WARN_OBJC_ROOT_CLASS = YES_ERROR;
				CLANG_WARN_RANGE_LOOP_ANALYSIS = YES;
				CLANG_WARN_STRICT_PROTOTYPES = YES;
				CLANG_WARN_SUSPICIOUS_MOVE = YES;
				CLANG_WARN_UNGUARDED_AVAILABILITY = YES_AGGRESSIVE;
				CLANG_WARN_UNREACHABLE_CODE = YES;
				CLANG_WARN__DUPLICATE_METHOD_MATCH = YES;
				CODE_SIGN_IDENTITY = "iPhone Developer";
				COPY_PHASE_STRIP = NO;
				DEBUG_INFORMATION_FORMAT = "dwarf-with-dsym";
				ENABLE_NS_ASSERTIONS = NO;
				ENABLE_STRICT_OBJC_MSGSEND = YES;
				GCC_C_LANGUAGE_STANDARD = gnu11;
				GCC_NO_COMMON_BLOCKS = YES;
				GCC_WARN_64_TO_32_BIT_CONVERSION = YES;
				GCC_WARN_ABOUT_RETURN_TYPE = YES_ERROR;
				GCC_WARN_UNDECLARED_SELECTOR = YES;
				GCC_WARN_UNINITIALIZED_AUTOS = YES_AGGRESSIVE;
				GCC_WARN_UNUSED_FUNCTION = YES;
				GCC_WARN_UNUSED_VARIABLE = YES;
				IPHONEOS_DEPLOYMENT_TARGET = 11.3;
				MTL_ENABLE_DEBUG_INFO = NO;
				SDKROOT = iphoneos;
				SWIFT_COMPILATION_MODE = wholemodule;
				SWIFT_OPTIMIZATION_LEVEL = "-O";
				VALIDATE_PRODUCT = YES;
			};
			name = Release;
		};
		C91EEA93207F35BF00C77B30 /* Debug */ = {
			isa = XCBuildConfiguration;
			baseConfigurationReference = B475FD70A844BF4030D5FAEB /* Pods-ReadableDate.debug.xcconfig */;
			buildSettings = {
				ASSETCATALOG_COMPILER_APPICON_NAME = AppIcon;
				CODE_SIGN_STYLE = Automatic;
				DEVELOPMENT_TEAM = R252PR8AVU;
				INFOPLIST_FILE = ReadableDate/Info.plist;
				LD_RUNPATH_SEARCH_PATHS = "$(inherited) @executable_path/Frameworks";
				PRODUCT_BUNDLE_IDENTIFIER = com.Rebeloper.ReadableDate;
				PRODUCT_NAME = "$(TARGET_NAME)";
				SWIFT_VERSION = 4.0;
				TARGETED_DEVICE_FAMILY = "1,2";
			};
			name = Debug;
		};
		C91EEA94207F35BF00C77B30 /* Release */ = {
			isa = XCBuildConfiguration;
			baseConfigurationReference = F75681A0F91B792C03E1906C /* Pods-ReadableDate.release.xcconfig */;
			buildSettings = {
				ASSETCATALOG_COMPILER_APPICON_NAME = AppIcon;
				CODE_SIGN_STYLE = Automatic;
				DEVELOPMENT_TEAM = R252PR8AVU;
				INFOPLIST_FILE = ReadableDate/Info.plist;
				LD_RUNPATH_SEARCH_PATHS = "$(inherited) @executable_path/Frameworks";
				PRODUCT_BUNDLE_IDENTIFIER = com.Rebeloper.ReadableDate;
				PRODUCT_NAME = "$(TARGET_NAME)";
				SWIFT_VERSION = 4.0;
				TARGETED_DEVICE_FAMILY = "1,2";
			};
			name = Release;
		};
/* End XCBuildConfiguration section */

/* Begin XCConfigurationList section */
		C91EEA7B207F35BE00C77B30 /* Build configuration list for PBXProject "ReadableDate" */ = {
			isa = XCConfigurationList;
			buildConfigurations = (
				C91EEA90207F35BF00C77B30 /* Debug */,
				C91EEA91207F35BF00C77B30 /* Release */,
			);
			defaultConfigurationIsVisible = 0;
			defaultConfigurationName = Release;
		};
		C91EEA92207F35BF00C77B30 /* Build configuration list for PBXNativeTarget "ReadableDate" */ = {
			isa = XCConfigurationList;
			buildConfigurations = (
				C91EEA93207F35BF00C77B30 /* Debug */,
				C91EEA94207F35BF00C77B30 /* Release */,
			);
			defaultConfigurationIsVisible = 0;
			defaultConfigurationName = Release;
		};
/* End XCConfigurationList section */
	};
	rootObject = C91EEA78207F35BE00C77B30 /* Project object */;
}
